
Microsoft Visual Studio Solution File, Format Version 12.00
Project("{FAE04EC0-301F-11D3-BF4B-00C04F79EFBC}") = "AngleSharp.XPath", "AngleSharp.XPath\AngleSharp.XPath.csproj", "{9ACD9018-0E38-4617-A61E-2F49D8A14E3A}"
EndProject
Project("{FAE04EC0-301F-11D3-BF4B-00C04F79EFBC}") = "AngleSharp.XPath.Tests", "AngleSharp.XPath.Tests\AngleSharp.XPath.Tests.csproj", "{9B099D34-CD68-47F5-92F2-DA34567A0223}"
EndProject
Global
	GlobalSection(SolutionConfigurationPlatforms) = preSolution
		Debug|Any CPU = Debug|Any CPU
		Release|Any CPU = Release|Any CPU
	EndGlobalSection
	GlobalSection(ProjectConfigurationPlatforms) = postSolution
		{9ACD9018-0E38-4617-A61E-2F49D8A14E3A}.Debug|Any CPU.ActiveCfg = Debug|Any CPU
		{9ACD9018-0E38-4617-A61E-2F49D8A14E3A}.Debug|Any CPU.Build.0 = Debug|Any CPU
		{9ACD9018-0E38-4617-A61E-2F49D8A14E3A}.Release|Any CPU.ActiveCfg = Release|Any CPU
		{9ACD9018-0E38-4617-A61E-2F49D8A14E3A}.Release|Any CPU.Build.0 = Release|Any CPU
		{9B099D34-CD68-47F5-92F2-DA34567A0223}.Debug|Any CPU.ActiveCfg = Debug|Any CPU
		{9B099D34-CD68-47F5-92F2-DA34567A0223}.Debug|Any CPU.Build.0 = Debug|Any CPU
		{9B099D34-CD68-47F5-92F2-DA34567A0223}.Release|Any CPU.ActiveCfg = Release|Any CPU
		{9B099D34-CD68-47F5-92F2-DA34567A0223}.Release|Any CPU.Build.0 = Release|Any CPU
	EndGlobalSection
EndGlobal
